
Microsoft Visual Studio Solution File, Format Version 12.00
# Visual Studio Version 17
VisualStudioVersion = 17.0.31903.59
MinimumVisualStudioVersion = 10.0.40219.1
Project("{FAE04EC0-301F-11D3-BF4B-00C04F79EFBC}") = "Api", "Api\Api.csproj", "{C7D1BDC5-BDF0-4FA7-9CFF-6ED12EDB43C8}"
EndProject
Project("{FAE04EC0-301F-11D3-BF4B-00C04F79EFBC}") = "Models", "Models\Models.csproj", "{2FD9E0CB-D4E4-4A58-B190-ED486180AA7F}"
EndProject
Project("{FAE04EC0-301F-11D3-BF4B-00C04F79EFBC}") = "StaticWebAppAuthentication", "StaticWebAuthentication\StaticWebAppAuthentication.csproj", "{6647CAAB-0387-45B3-A167-81C6EE37D62E}"
EndProject
Project("{FAE04EC0-301F-11D3-BF4B-00C04F79EFBC}") = "Client", "Client\Client.csproj", "{CCD0BA71-26CD-45B8-BA72-95C9F96AA502}"
EndProject
Project("{FAE04EC0-301F-11D3-BF4B-00C04F79EFBC}") = "dotnet9funcApp", "dotnet9funcApp\dotnet9funcApp.csproj", "{2A5BAB7B-0245-4D55-BFDF-87AF1BC8C2E8}"
EndProject
Global
	GlobalSection(SolutionConfigurationPlatforms) = preSolution
		Debug|Any CPU = Debug|Any CPU
		Release|Any CPU = Release|Any CPU
	EndGlobalSection
	GlobalSection(ProjectConfigurationPlatforms) = postSolution
		{C7D1BDC5-BDF0-4FA7-9CFF-6ED12EDB43C8}.Debug|Any CPU.ActiveCfg = Debug|Any CPU
		{C7D1BDC5-BDF0-4FA7-9CFF-6ED12EDB43C8}.Debug|Any CPU.Build.0 = Debug|Any CPU
		{C7D1BDC5-BDF0-4FA7-9CFF-6ED12EDB43C8}.Release|Any CPU.ActiveCfg = Release|Any CPU
		{C7D1BDC5-BDF0-4FA7-9CFF-6ED12EDB43C8}.Release|Any CPU.Build.0 = Release|Any CPU
		{2FD9E0CB-D4E4-4A58-B190-ED486180AA7F}.Debug|Any CPU.ActiveCfg = Debug|Any CPU
		{2FD9E0CB-D4E4-4A58-B190-ED486180AA7F}.Debug|Any CPU.Build.0 = Debug|Any CPU
		{2FD9E0CB-D4E4-4A58-B190-ED486180AA7F}.Release|Any CPU.ActiveCfg = Release|Any CPU
		{2FD9E0CB-D4E4-4A58-B190-ED486180AA7F}.Release|Any CPU.Build.0 = Release|Any CPU
		{6647CAAB-0387-45B3-A167-81C6EE37D62E}.Debug|Any CPU.ActiveCfg = Debug|Any CPU
		{6647CAAB-0387-45B3-A167-81C6EE37D62E}.Debug|Any CPU.Build.0 = Debug|Any CPU
		{6647CAAB-0387-45B3-A167-81C6EE37D62E}.Release|Any CPU.ActiveCfg = Release|Any CPU
		{6647CAAB-0387-45B3-A167-81C6EE37D62E}.Release|Any CPU.Build.0 = Release|Any CPU
		{CCD0BA71-26CD-45B8-BA72-95C9F96AA502}.Debug|Any CPU.ActiveCfg = Debug|Any CPU
		{CCD0BA71-26CD-45B8-BA72-95C9F96AA502}.Debug|Any CPU.Build.0 = Debug|Any CPU
		{CCD0BA71-26CD-45B8-BA72-95C9F96AA502}.Release|Any CPU.ActiveCfg = Release|Any CPU
		{CCD0BA71-26CD-45B8-BA72-95C9F96AA502}.Release|Any CPU.Build.0 = Release|Any CPU
		{2A5BAB7B-0245-4D55-BFDF-87AF1BC8C2E8}.Debug|Any CPU.ActiveCfg = Debug|Any CPU
		{2A5BAB7B-0245-4D55-BFDF-87AF1BC8C2E8}.Debug|Any CPU.Build.0 = Debug|Any CPU
		{2A5BAB7B-0245-4D55-BFDF-87AF1BC8C2E8}.Release|Any CPU.ActiveCfg = Release|Any CPU
		{2A5BAB7B-0245-4D55-BFDF-87AF1BC8C2E8}.Release|Any CPU.Build.0 = Release|Any CPU
	EndGlobalSection
	GlobalSection(SolutionProperties) = preSolution
		HideSolutionNode = FALSE
	EndGlobalSection
	GlobalSection(ExtensibilityGlobals) = postSolution
		SolutionGuid = {66604A2D-843E-4F9A-B79B-40CD79F66AEE}
	EndGlobalSection
EndGlobal
